// !$*UTF8*$!
{
	archiveVersion = 1;
	classes = {
	};
	objectVersion = 51;
	objects = {

/* Begin PBXBuildFile section */
		782952F1ABE978DDEAF1FCF7 /* Pods_BlackStarStore.framework in Frameworks */ = {isa = PBXBuildFile; fileRef = E847A2C1B2928B96B8736F2C /* Pods_BlackStarStore.framework */; };
		9D2AD9953A516D3F0F27B5CC /* Pods_BlackStarStoreTests.framework in Frameworks */ = {isa = PBXBuildFile; fileRef = 908B2457BE3F6E4F518E57FC /* Pods_BlackStarStoreTests.framework */; };
		B51392F825F5590B006CD4F8 /* ProductsListViewController.swift in Sources */ = {isa = PBXBuildFile; fileRef = B51392F725F5590B006CD4F8 /* ProductsListViewController.swift */; };
		B513930025F55983006CD4F8 /* ProductsListCollectionViewCell.swift in Sources */ = {isa = PBXBuildFile; fileRef = B51392FF25F55983006CD4F8 /* ProductsListCollectionViewCell.swift */; };
		B513930525F55DEF006CD4F8 /* Product.swift in Sources */ = {isa = PBXBuildFile; fileRef = B513930425F55DEF006CD4F8 /* Product.swift */; };
		B523755B25F153AC00A65115 /* CategoryViewController.swift in Sources */ = {isa = PBXBuildFile; fileRef = B523755A25F153AC00A65115 /* CategoryViewController.swift */; };
		B523756025F156AD00A65115 /* CategoryTableViewCell.swift in Sources */ = {isa = PBXBuildFile; fileRef = B523755F25F156AD00A65115 /* CategoryTableViewCell.swift */; };
		B523756525F156F500A65115 /* Category.swift in Sources */ = {isa = PBXBuildFile; fileRef = B523756425F156F500A65115 /* Category.swift */; };
		B523756A25F1573000A65115 /* FetchDataFromJson.swift in Sources */ = {isa = PBXBuildFile; fileRef = B523756925F1573000A65115 /* FetchDataFromJson.swift */; };
		B541135225F8FE9A00A0B0B8 /* ModalWindowViewController.swift in Sources */ = {isa = PBXBuildFile; fileRef = B541135125F8FE9A00A0B0B8 /* ModalWindowViewController.swift */; };
		B595727625FA4E6A009413E4 /* CartViewController.swift in Sources */ = {isa = PBXBuildFile; fileRef = B595727525FA4E6A009413E4 /* CartViewController.swift */; };
		B595727F25FA4EA5009413E4 /* CartTableViewCell.swift in Sources */ = {isa = PBXBuildFile; fileRef = B595727E25FA4EA5009413E4 /* CartTableViewCell.swift */; };
		B59A4FE825F74B3B009FF253 /* ProductViewController.swift in Sources */ = {isa = PBXBuildFile; fileRef = B59A4FE725F74B3B009FF253 /* ProductViewController.swift */; };
		B5AAF04725F9088600EE367E /* PresentationController.swift in Sources */ = {isa = PBXBuildFile; fileRef = B5AAF04625F9088600EE367E /* PresentationController.swift */; };
		B5AAF04C25F90A5F00EE367E /* ModalWindowViewController.xib in Resources */ = {isa = PBXBuildFile; fileRef = B5AAF04B25F90A5F00EE367E /* ModalWindowViewController.xib */; };
		B5BAED1425F5014600E70EC9 /* SubCategoryTableViewCell.swift in Sources */ = {isa = PBXBuildFile; fileRef = B5BAED1325F5014500E70EC9 /* SubCategoryTableViewCell.swift */; };
		B5BAED1925F5017F00E70EC9 /* SubCategoryViewController.swift in Sources */ = {isa = PBXBuildFile; fileRef = B5BAED1825F5017F00E70EC9 /* SubCategoryViewController.swift */; };
		B5C1C08825F151F3008C39AD /* AppDelegate.swift in Sources */ = {isa = PBXBuildFile; fileRef = B5C1C08725F151F3008C39AD /* AppDelegate.swift */; };
		B5C1C08A25F151F3008C39AD /* SceneDelegate.swift in Sources */ = {isa = PBXBuildFile; fileRef = B5C1C08925F151F3008C39AD /* SceneDelegate.swift */; };
		B5C1C08F25F151F3008C39AD /* Main.storyboard in Resources */ = {isa = PBXBuildFile; fileRef = B5C1C08D25F151F3008C39AD /* Main.storyboard */; };
		B5C1C09125F151F5008C39AD /* Assets.xcassets in Resources */ = {isa = PBXBuildFile; fileRef = B5C1C09025F151F5008C39AD /* Assets.xcassets */; };
		B5C1C09425F151F5008C39AD /* LaunchScreen.storyboard in Resources */ = {isa = PBXBuildFile; fileRef = B5C1C09225F151F5008C39AD /* LaunchScreen.storyboard */; };
		B5C1C09F25F151F5008C39AD /* BlackStarStoreTests.swift in Sources */ = {isa = PBXBuildFile; fileRef = B5C1C09E25F151F5008C39AD /* BlackStarStoreTests.swift */; };
		B5C1C0AA25F151F5008C39AD /* BlackStarStoreUITests.swift in Sources */ = {isa = PBXBuildFile; fileRef = B5C1C0A925F151F5008C39AD /* BlackStarStoreUITests.swift */; };
		B5F63ED525F8A1DE00D659FC /* ProductCollectionViewCell.swift in Sources */ = {isa = PBXBuildFile; fileRef = B5F63ED425F8A1DE00D659FC /* ProductCollectionViewCell.swift */; };
		F6BDA998933C94CD1A0B95C4 /* Pods_BlackStarStore_BlackStarStoreUITests.framework in Frameworks */ = {isa = PBXBuildFile; fileRef = 546238FB620E3DFDBE9CCB5B /* Pods_BlackStarStore_BlackStarStoreUITests.framework */; };
/* End PBXBuildFile section */

/* Begin PBXContainerItemProxy section */
		B5C1C09B25F151F5008C39AD /* PBXContainerItemProxy */ = {
			isa = PBXContainerItemProxy;
			containerPortal = B5C1C07C25F151F2008C39AD /* Project object */;
			proxyType = 1;
			remoteGlobalIDString = B5C1C08325F151F3008C39AD;
			remoteInfo = BlackStarStore;
		};
		B5C1C0A625F151F5008C39AD /* PBXContainerItemProxy */ = {
			isa = PBXContainerItemProxy;
			containerPortal = B5C1C07C25F151F2008C39AD /* Project object */;
			proxyType = 1;
			remoteGlobalIDString = B5C1C08325F151F3008C39AD;
			remoteInfo = BlackStarStore;
		};
/* End PBXContainerItemProxy section */

/* Begin PBXFileReference section */
		193D9AEF88BA447CFA776A9C /* Pods-BlackStarStore.release.xcconfig */ = {isa = PBXFileReference; includeInIndex = 1; lastKnownFileType = text.xcconfig; name = "Pods-BlackStarStore.release.xcconfig"; path = "Target Support Files/Pods-BlackStarStore/Pods-BlackStarStore.release.xcconfig"; sourceTree = "<group>"; };
		2F88A19025A119A3E88E72B6 /* Pods-BlackStarStoreTests.release.xcconfig */ = {isa = PBXFileReference; includeInIndex = 1; lastKnownFileType = text.xcconfig; name = "Pods-BlackStarStoreTests.release.xcconfig"; path = "Target Support Files/Pods-BlackStarStoreTests/Pods-BlackStarStoreTests.release.xcconfig"; sourceTree = "<group>"; };
		4FE4F8A9E8018C07C1D4D6B4 /* Pods-BlackStarStore.debug.xcconfig */ = {isa = PBXFileReference; includeInIndex = 1; lastKnownFileType = text.xcconfig; name = "Pods-BlackStarStore.debug.xcconfig"; path = "Target Support Files/Pods-BlackStarStore/Pods-BlackStarStore.debug.xcconfig"; sourceTree = "<group>"; };
		546238FB620E3DFDBE9CCB5B /* Pods_BlackStarStore_BlackStarStoreUITests.framework */ = {isa = PBXFileReference; explicitFileType = wrapper.framework; includeInIndex = 0; path = Pods_BlackStarStore_BlackStarStoreUITests.framework; sourceTree = BUILT_PRODUCTS_DIR; };
		69870F8DB4690A9873DE2385 /* Pods-BlackStarStore-BlackStarStoreUITests.debug.xcconfig */ = {isa = PBXFileReference; includeInIndex = 1; lastKnownFileType = text.xcconfig; name = "Pods-BlackStarStore-BlackStarStoreUITests.debug.xcconfig"; path = "Target Support Files/Pods-BlackStarStore-BlackStarStoreUITests/Pods-BlackStarStore-BlackStarStoreUITests.debug.xcconfig"; sourceTree = "<group>"; };
		908B2457BE3F6E4F518E57FC /* Pods_BlackStarStoreTests.framework */ = {isa = PBXFileReference; explicitFileType = wrapper.framework; includeInIndex = 0; path = Pods_BlackStarStoreTests.framework; sourceTree = BUILT_PRODUCTS_DIR; };
		AEE062519A453E030EF098B3 /* Pods-BlackStarStore-BlackStarStoreUITests.release.xcconfig */ = {isa = PBXFileReference; includeInIndex = 1; lastKnownFileType = text.xcconfig; name = "Pods-BlackStarStore-BlackStarStoreUITests.release.xcconfig"; path = "Target Support Files/Pods-BlackStarStore-BlackStarStoreUITests/Pods-BlackStarStore-BlackStarStoreUITests.release.xcconfig"; sourceTree = "<group>"; };
		B51392F725F5590B006CD4F8 /* ProductsListViewController.swift */ = {isa = PBXFileReference; lastKnownFileType = sourcecode.swift; path = ProductsListViewController.swift; sourceTree = "<group>"; };
		B51392FF25F55983006CD4F8 /* ProductsListCollectionViewCell.swift */ = {isa = PBXFileReference; lastKnownFileType = sourcecode.swift; path = ProductsListCollectionViewCell.swift; sourceTree = "<group>"; };
		B513930425F55DEF006CD4F8 /* Product.swift */ = {isa = PBXFileReference; lastKnownFileType = sourcecode.swift; path = Product.swift; sourceTree = "<group>"; };
		B523755A25F153AC00A65115 /* CategoryViewController.swift */ = {isa = PBXFileReference; lastKnownFileType = sourcecode.swift; path = CategoryViewController.swift; sourceTree = "<group>"; };
		B523755F25F156AD00A65115 /* CategoryTableViewCell.swift */ = {isa = PBXFileReference; lastKnownFileType = sourcecode.swift; path = CategoryTableViewCell.swift; sourceTree = "<group>"; };
		B523756425F156F500A65115 /* Category.swift */ = {isa = PBXFileReference; lastKnownFileType = sourcecode.swift; path = Category.swift; sourceTree = "<group>"; };
		B523756925F1573000A65115 /* FetchDataFromJson.swift */ = {isa = PBXFileReference; lastKnownFileType = sourcecode.swift; path = FetchDataFromJson.swift; sourceTree = "<group>"; };
		B541135125F8FE9A00A0B0B8 /* ModalWindowViewController.swift */ = {isa = PBXFileReference; lastKnownFileType = sourcecode.swift; path = ModalWindowViewController.swift; sourceTree = "<group>"; };
		B595727525FA4E6A009413E4 /* CartViewController.swift */ = {isa = PBXFileReference; lastKnownFileType = sourcecode.swift; path = CartViewController.swift; sourceTree = "<group>"; };
		B595727E25FA4EA5009413E4 /* CartTableViewCell.swift */ = {isa = PBXFileReference; lastKnownFileType = sourcecode.swift; path = CartTableViewCell.swift; sourceTree = "<group>"; };
		B59A4FE725F74B3B009FF253 /* ProductViewController.swift */ = {isa = PBXFileReference; lastKnownFileType = sourcecode.swift; path = ProductViewController.swift; sourceTree = "<group>"; };
		B5AAF04625F9088600EE367E /* PresentationController.swift */ = {isa = PBXFileReference; lastKnownFileType = sourcecode.swift; path = PresentationController.swift; sourceTree = "<group>"; };
		B5AAF04B25F90A5F00EE367E /* ModalWindowViewController.xib */ = {isa = PBXFileReference; lastKnownFileType = file.xib; path = ModalWindowViewController.xib; sourceTree = "<group>"; };
		B5BAED1325F5014500E70EC9 /* SubCategoryTableViewCell.swift */ = {isa = PBXFileReference; lastKnownFileType = sourcecode.swift; path = SubCategoryTableViewCell.swift; sourceTree = "<group>"; };
		B5BAED1825F5017F00E70EC9 /* SubCategoryViewController.swift */ = {isa = PBXFileReference; lastKnownFileType = sourcecode.swift; path = SubCategoryViewController.swift; sourceTree = "<group>"; };
		B5C1C08425F151F3008C39AD /* BlackStarStore.app */ = {isa = PBXFileReference; explicitFileType = wrapper.application; includeInIndex = 0; path = BlackStarStore.app; sourceTree = BUILT_PRODUCTS_DIR; };
		B5C1C08725F151F3008C39AD /* AppDelegate.swift */ = {isa = PBXFileReference; lastKnownFileType = sourcecode.swift; path = AppDelegate.swift; sourceTree = "<group>"; };
		B5C1C08925F151F3008C39AD /* SceneDelegate.swift */ = {isa = PBXFileReference; lastKnownFileType = sourcecode.swift; path = SceneDelegate.swift; sourceTree = "<group>"; };
		B5C1C08E25F151F3008C39AD /* Base */ = {isa = PBXFileReference; lastKnownFileType = file.storyboard; name = Base; path = Base.lproj/Main.storyboard; sourceTree = "<group>"; };
		B5C1C09025F151F5008C39AD /* Assets.xcassets */ = {isa = PBXFileReference; lastKnownFileType = folder.assetcatalog; path = Assets.xcassets; sourceTree = "<group>"; };
		B5C1C09325F151F5008C39AD /* Base */ = {isa = PBXFileReference; lastKnownFileType = file.storyboard; name = Base; path = Base.lproj/LaunchScreen.storyboard; sourceTree = "<group>"; };
		B5C1C09525F151F5008C39AD /* Info.plist */ = {isa = PBXFileReference; lastKnownFileType = text.plist.xml; path = Info.plist; sourceTree = "<group>"; };
		B5C1C09A25F151F5008C39AD /* BlackStarStoreTests.xctest */ = {isa = PBXFileReference; explicitFileType = wrapper.cfbundle; includeInIndex = 0; path = BlackStarStoreTests.xctest; sourceTree = BUILT_PRODUCTS_DIR; };
		B5C1C09E25F151F5008C39AD /* BlackStarStoreTests.swift */ = {isa = PBXFileReference; lastKnownFileType = sourcecode.swift; path = BlackStarStoreTests.swift; sourceTree = "<group>"; };
		B5C1C0A025F151F5008C39AD /* Info.plist */ = {isa = PBXFileReference; lastKnownFileType = text.plist.xml; path = Info.plist; sourceTree = "<group>"; };
		B5C1C0A525F151F5008C39AD /* BlackStarStoreUITests.xctest */ = {isa = PBXFileReference; explicitFileType = wrapper.cfbundle; includeInIndex = 0; path = BlackStarStoreUITests.xctest; sourceTree = BUILT_PRODUCTS_DIR; };
		B5C1C0A925F151F5008C39AD /* BlackStarStoreUITests.swift */ = {isa = PBXFileReference; lastKnownFileType = sourcecode.swift; path = BlackStarStoreUITests.swift; sourceTree = "<group>"; };
		B5C1C0AB25F151F5008C39AD /* Info.plist */ = {isa = PBXFileReference; lastKnownFileType = text.plist.xml; path = Info.plist; sourceTree = "<group>"; };
		B5F63ED425F8A1DE00D659FC /* ProductCollectionViewCell.swift */ = {isa = PBXFileReference; lastKnownFileType = sourcecode.swift; path = ProductCollectionViewCell.swift; sourceTree = "<group>"; };
		CE9E98863A45E278C108915C /* Pods-BlackStarStoreTests.debug.xcconfig */ = {isa = PBXFileReference; includeInIndex = 1; lastKnownFileType = text.xcconfig; name = "Pods-BlackStarStoreTests.debug.xcconfig"; path = "Target Support Files/Pods-BlackStarStoreTests/Pods-BlackStarStoreTests.debug.xcconfig"; sourceTree = "<group>"; };
		E847A2C1B2928B96B8736F2C /* Pods_BlackStarStore.framework */ = {isa = PBXFileReference; explicitFileType = wrapper.framework; includeInIndex = 0; path = Pods_BlackStarStore.framework; sourceTree = BUILT_PRODUCTS_DIR; };
/* End PBXFileReference section */

/* Begin PBXFrameworksBuildPhase section */
		B5C1C08125F151F3008C39AD /* Frameworks */ = {
			isa = PBXFrameworksBuildPhase;
			buildActionMask = 2147483647;
			files = (
				782952F1ABE978DDEAF1FCF7 /* Pods_BlackStarStore.framework in Frameworks */,
			);
			runOnlyForDeploymentPostprocessing = 0;
		};
		B5C1C09725F151F5008C39AD /* Frameworks */ = {
			isa = PBXFrameworksBuildPhase;
			buildActionMask = 2147483647;
			files = (
				9D2AD9953A516D3F0F27B5CC /* Pods_BlackStarStoreTests.framework in Frameworks */,
			);
			runOnlyForDeploymentPostprocessing = 0;
		};
		B5C1C0A225F151F5008C39AD /* Frameworks */ = {
			isa = PBXFrameworksBuildPhase;
			buildActionMask = 2147483647;
			files = (
				F6BDA998933C94CD1A0B95C4 /* Pods_BlackStarStore_BlackStarStoreUITests.framework in Frameworks */,
			);
			runOnlyForDeploymentPostprocessing = 0;
		};
/* End PBXFrameworksBuildPhase section */

/* Begin PBXGroup section */
		4EFBCCC16066448E3314BBD9 /* Pods */ = {
			isa = PBXGroup;
			children = (
				4FE4F8A9E8018C07C1D4D6B4 /* Pods-BlackStarStore.debug.xcconfig */,
				193D9AEF88BA447CFA776A9C /* Pods-BlackStarStore.release.xcconfig */,
				69870F8DB4690A9873DE2385 /* Pods-BlackStarStore-BlackStarStoreUITests.debug.xcconfig */,
				AEE062519A453E030EF098B3 /* Pods-BlackStarStore-BlackStarStoreUITests.release.xcconfig */,
				CE9E98863A45E278C108915C /* Pods-BlackStarStoreTests.debug.xcconfig */,
				2F88A19025A119A3E88E72B6 /* Pods-BlackStarStoreTests.release.xcconfig */,
			);
			path = Pods;
			sourceTree = "<group>";
		};
		B595727A25FA4E87009413E4 /* Cart */ = {
			isa = PBXGroup;
			children = (
				B595727525FA4E6A009413E4 /* CartViewController.swift */,
				B595727E25FA4EA5009413E4 /* CartTableViewCell.swift */,
			);
			path = Cart;
			sourceTree = "<group>";
		};
		B59A4FD725F74AE7009FF253 /* Products */ = {
			isa = PBXGroup;
			children = (
				B5AAF04625F9088600EE367E /* PresentationController.swift */,
				B51392F725F5590B006CD4F8 /* ProductsListViewController.swift */,
				B51392FF25F55983006CD4F8 /* ProductsListCollectionViewCell.swift */,
				B5F63ED425F8A1DE00D659FC /* ProductCollectionViewCell.swift */,
				B59A4FE725F74B3B009FF253 /* ProductViewController.swift */,
				B541135125F8FE9A00A0B0B8 /* ModalWindowViewController.swift */,
				B5AAF04B25F90A5F00EE367E /* ModalWindowViewController.xib */,
			);
			path = Products;
			sourceTree = "<group>";
		};
		B59A4FDB25F74AF0009FF253 /* Sub Category */ = {
			isa = PBXGroup;
			children = (
				B5BAED1825F5017F00E70EC9 /* SubCategoryViewController.swift */,
				B5BAED1325F5014500E70EC9 /* SubCategoryTableViewCell.swift */,
			);
			path = "Sub Category";
			sourceTree = "<group>";
		};
		B59A4FDF25F74AF8009FF253 /* Category */ = {
			isa = PBXGroup;
			children = (
				B523755A25F153AC00A65115 /* CategoryViewController.swift */,
				B523755F25F156AD00A65115 /* CategoryTableViewCell.swift */,
			);
			path = Category;
			sourceTree = "<group>";
		};
		B59A4FE325F74B00009FF253 /* Models */ = {
			isa = PBXGroup;
			children = (
				B523756925F1573000A65115 /* FetchDataFromJson.swift */,
				B523756425F156F500A65115 /* Category.swift */,
				B513930425F55DEF006CD4F8 /* Product.swift */,
			);
			path = Models;
			sourceTree = "<group>";
		};
		B5C1C07B25F151F2008C39AD = {
			isa = PBXGroup;
			children = (
				B5C1C08625F151F3008C39AD /* BlackStarStore */,
				B5C1C09D25F151F5008C39AD /* BlackStarStoreTests */,
				B5C1C0A825F151F5008C39AD /* BlackStarStoreUITests */,
				B5C1C08525F151F3008C39AD /* Products */,
				4EFBCCC16066448E3314BBD9 /* Pods */,
				C41FFA4179E03D8D497C7891 /* Frameworks */,
			);
			sourceTree = "<group>";
		};
		B5C1C08525F151F3008C39AD /* Products */ = {
			isa = PBXGroup;
			children = (
				B5C1C08425F151F3008C39AD /* BlackStarStore.app */,
				B5C1C09A25F151F5008C39AD /* BlackStarStoreTests.xctest */,
				B5C1C0A525F151F5008C39AD /* BlackStarStoreUITests.xctest */,
			);
			name = Products;
			sourceTree = "<group>";
		};
		B5C1C08625F151F3008C39AD /* BlackStarStore */ = {
			isa = PBXGroup;
			children = (
				B5C1C08725F151F3008C39AD /* AppDelegate.swift */,
				B5C1C08925F151F3008C39AD /* SceneDelegate.swift */,
				B5C1C08D25F151F3008C39AD /* Main.storyboard */,
				B59A4FE325F74B00009FF253 /* Models */,
				B59A4FDF25F74AF8009FF253 /* Category */,
				B59A4FDB25F74AF0009FF253 /* Sub Category */,
				B59A4FD725F74AE7009FF253 /* Products */,
				B595727A25FA4E87009413E4 /* Cart */,
				B5C1C09025F151F5008C39AD /* Assets.xcassets */,
				B5C1C09225F151F5008C39AD /* LaunchScreen.storyboard */,
				B5C1C09525F151F5008C39AD /* Info.plist */,
			);
			path = BlackStarStore;
			sourceTree = "<group>";
		};
		B5C1C09D25F151F5008C39AD /* BlackStarStoreTests */ = {
			isa = PBXGroup;
			children = (
				B5C1C09E25F151F5008C39AD /* BlackStarStoreTests.swift */,
				B5C1C0A025F151F5008C39AD /* Info.plist */,
			);
			path = BlackStarStoreTests;
			sourceTree = "<group>";
		};
		B5C1C0A825F151F5008C39AD /* BlackStarStoreUITests */ = {
			isa = PBXGroup;
			children = (
				B5C1C0A925F151F5008C39AD /* BlackStarStoreUITests.swift */,
				B5C1C0AB25F151F5008C39AD /* Info.plist */,
			);
			path = BlackStarStoreUITests;
			sourceTree = "<group>";
		};
		C41FFA4179E03D8D497C7891 /* Frameworks */ = {
			isa = PBXGroup;
			children = (
				E847A2C1B2928B96B8736F2C /* Pods_BlackStarStore.framework */,
				546238FB620E3DFDBE9CCB5B /* Pods_BlackStarStore_BlackStarStoreUITests.framework */,
				908B2457BE3F6E4F518E57FC /* Pods_BlackStarStoreTests.framework */,
			);
			name = Frameworks;
			sourceTree = "<group>";
		};
/* End PBXGroup section */

/* Begin PBXNativeTarget section */
		B5C1C08325F151F3008C39AD /* BlackStarStore */ = {
			isa = PBXNativeTarget;
			buildConfigurationList = B5C1C0AE25F151F5008C39AD /* Build configuration list for PBXNativeTarget "BlackStarStore" */;
			buildPhases = (
				D882C95149D165054C804A19 /* [CP] Check Pods Manifest.lock */,
				B5C1C08025F151F3008C39AD /* Sources */,
				B5C1C08125F151F3008C39AD /* Frameworks */,
				B5C1C08225F151F3008C39AD /* Resources */,
				3B3791D4066B6F4B6CB454D1 /* [CP] Embed Pods Frameworks */,
			);
			buildRules = (
			);
			dependencies = (
			);
			name = BlackStarStore;
			productName = BlackStarStore;
			productReference = B5C1C08425F151F3008C39AD /* BlackStarStore.app */;
			productType = "com.apple.product-type.application";
		};
		B5C1C09925F151F5008C39AD /* BlackStarStoreTests */ = {
			isa = PBXNativeTarget;
			buildConfigurationList = B5C1C0B125F151F5008C39AD /* Build configuration list for PBXNativeTarget "BlackStarStoreTests" */;
			buildPhases = (
				230CECC808DD287B42AAC762 /* [CP] Check Pods Manifest.lock */,
				B5C1C09625F151F5008C39AD /* Sources */,
				B5C1C09725F151F5008C39AD /* Frameworks */,
				B5C1C09825F151F5008C39AD /* Resources */,
			);
			buildRules = (
			);
			dependencies = (
				B5C1C09C25F151F5008C39AD /* PBXTargetDependency */,
			);
			name = BlackStarStoreTests;
			productName = BlackStarStoreTests;
			productReference = B5C1C09A25F151F5008C39AD /* BlackStarStoreTests.xctest */;
			productType = "com.apple.product-type.bundle.unit-test";
		};
		B5C1C0A425F151F5008C39AD /* BlackStarStoreUITests */ = {
			isa = PBXNativeTarget;
			buildConfigurationList = B5C1C0B425F151F5008C39AD /* Build configuration list for PBXNativeTarget "BlackStarStoreUITests" */;
			buildPhases = (
				250D76A1B6C43EA8C0D9B16A /* [CP] Check Pods Manifest.lock */,
				B5C1C0A125F151F5008C39AD /* Sources */,
				B5C1C0A225F151F5008C39AD /* Frameworks */,
				B5C1C0A325F151F5008C39AD /* Resources */,
				74907ED7BA53DA608042490B /* [CP] Embed Pods Frameworks */,
			);
			buildRules = (
			);
			dependencies = (
				B5C1C0A725F151F5008C39AD /* PBXTargetDependency */,
			);
			name = BlackStarStoreUITests;
			productName = BlackStarStoreUITests;
			productReference = B5C1C0A525F151F5008C39AD /* BlackStarStoreUITests.xctest */;
			productType = "com.apple.product-type.bundle.ui-testing";
		};
/* End PBXNativeTarget section */

/* Begin PBXProject section */
		B5C1C07C25F151F2008C39AD /* Project object */ = {
			isa = PBXProject;
			attributes = {
				LastSwiftUpdateCheck = 1240;
				LastUpgradeCheck = 1240;
				TargetAttributes = {
					B5C1C08325F151F3008C39AD = {
						CreatedOnToolsVersion = 12.4;
					};
					B5C1C09925F151F5008C39AD = {
						CreatedOnToolsVersion = 12.4;
						TestTargetID = B5C1C08325F151F3008C39AD;
					};
					B5C1C0A425F151F5008C39AD = {
						CreatedOnToolsVersion = 12.4;
						TestTargetID = B5C1C08325F151F3008C39AD;
					};
				};
			};
			buildConfigurationList = B5C1C07F25F151F2008C39AD /* Build configuration list for PBXProject "BlackStarStore" */;
			compatibilityVersion = "Xcode 9.3";
			developmentRegion = en;
			hasScannedForEncodings = 0;
			knownRegions = (
				en,
				Base,
			);
			mainGroup = B5C1C07B25F151F2008C39AD;
			productRefGroup = B5C1C08525F151F3008C39AD /* Products */;
			projectDirPath = "";
			projectRoot = "";
			targets = (
				B5C1C08325F151F3008C39AD /* BlackStarStore */,
				B5C1C09925F151F5008C39AD /* BlackStarStoreTests */,
				B5C1C0A425F151F5008C39AD /* BlackStarStoreUITests */,
			);
		};
/* End PBXProject section */

/* Begin PBXResourcesBuildPhase section */
		B5C1C08225F151F3008C39AD /* Resources */ = {
			isa = PBXResourcesBuildPhase;
			buildActionMask = 2147483647;
			files = (
				B5AAF04C25F90A5F00EE367E /* ModalWindowViewController.xib in Resources */,
				B5C1C09425F151F5008C39AD /* LaunchScreen.storyboard in Resources */,
				B5C1C09125F151F5008C39AD /* Assets.xcassets in Resources */,
				B5C1C08F25F151F3008C39AD /* Main.storyboard in Resources */,
			);
			runOnlyForDeploymentPostprocessing = 0;
		};
		B5C1C09825F151F5008C39AD /* Resources */ = {
			isa = PBXResourcesBuildPhase;
			buildActionMask = 2147483647;
			files = (
			);
			runOnlyForDeploymentPostprocessing = 0;
		};
		B5C1C0A325F151F5008C39AD /* Resources */ = {
			isa = PBXResourcesBuildPhase;
			buildActionMask = 2147483647;
			files = (
			);
			runOnlyForDeploymentPostprocessing = 0;
		};
/* End PBXResourcesBuildPhase section */

/* Begin PBXShellScriptBuildPhase section */
		230CECC808DD287B42AAC762 /* [CP] Check Pods Manifest.lock */ = {
			isa = PBXShellScriptBuildPhase;
			buildActionMask = 2147483647;
			files = (
			);
			inputFileListPaths = (
			);
			inputPaths = (
				"${PODS_PODFILE_DIR_PATH}/Podfile.lock",
				"${PODS_ROOT}/Manifest.lock",
			);
			name = "[CP] Check Pods Manifest.lock";
			outputFileListPaths = (
			);
			outputPaths = (
				"$(DERIVED_FILE_DIR)/Pods-BlackStarStoreTests-checkManifestLockResult.txt",
			);
			runOnlyForDeploymentPostprocessing = 0;
			shellPath = /bin/sh;
			shellScript = "diff \"${PODS_PODFILE_DIR_PATH}/Podfile.lock\" \"${PODS_ROOT}/Manifest.lock\" > /dev/null\nif [ $? != 0 ] ; then\n    # print error to STDERR\n    echo \"error: The sandbox is not in sync with the Podfile.lock. Run 'pod install' or update your CocoaPods installation.\" >&2\n    exit 1\nfi\n# This output is used by Xcode 'outputs' to avoid re-running this script phase.\necho \"SUCCESS\" > \"${SCRIPT_OUTPUT_FILE_0}\"\n";
			showEnvVarsInLog = 0;
		};
		250D76A1B6C43EA8C0D9B16A /* [CP] Check Pods Manifest.lock */ = {
			isa = PBXShellScriptBuildPhase;
			buildActionMask = 2147483647;
			files = (
			);
			inputFileListPaths = (
			);
			inputPaths = (
				"${PODS_PODFILE_DIR_PATH}/Podfile.lock",
				"${PODS_ROOT}/Manifest.lock",
			);
			name = "[CP] Check Pods Manifest.lock";
			outputFileListPaths = (
			);
			outputPaths = (
				"$(DERIVED_FILE_DIR)/Pods-BlackStarStore-BlackStarStoreUITests-checkManifestLockResult.txt",
			);
			runOnlyForDeploymentPostprocessing = 0;
			shellPath = /bin/sh;
			shellScript = "diff \"${PODS_PODFILE_DIR_PATH}/Podfile.lock\" \"${PODS_ROOT}/Manifest.lock\" > /dev/null\nif [ $? != 0 ] ; then\n    # print error to STDERR\n    echo \"error: The sandbox is not in sync with the Podfile.lock. Run 'pod install' or update your CocoaPods installation.\" >&2\n    exit 1\nfi\n# This output is used by Xcode 'outputs' to avoid re-running this script phase.\necho \"SUCCESS\" > \"${SCRIPT_OUTPUT_FILE_0}\"\n";
			showEnvVarsInLog = 0;
		};
		3B3791D4066B6F4B6CB454D1 /* [CP] Embed Pods Frameworks */ = {
			isa = PBXShellScriptBuildPhase;
			buildActionMask = 2147483647;
			files = (
			);
			inputFileListPaths = (
				"${PODS_ROOT}/Target Support Files/Pods-BlackStarStore/Pods-BlackStarStore-frameworks-${CONFIGURATION}-input-files.xcfilelist",
			);
			name = "[CP] Embed Pods Frameworks";
			outputFileListPaths = (
				"${PODS_ROOT}/Target Support Files/Pods-BlackStarStore/Pods-BlackStarStore-frameworks-${CONFIGURATION}-output-files.xcfilelist",
			);
			runOnlyForDeploymentPostprocessing = 0;
			shellPath = /bin/sh;
			shellScript = "\"${PODS_ROOT}/Target Support Files/Pods-BlackStarStore/Pods-BlackStarStore-frameworks.sh\"\n";
			showEnvVarsInLog = 0;
		};
		74907ED7BA53DA608042490B /* [CP] Embed Pods Frameworks */ = {
			isa = PBXShellScriptBuildPhase;
			buildActionMask = 2147483647;
			files = (
			);
			inputFileListPaths = (
				"${PODS_ROOT}/Target Support Files/Pods-BlackStarStore-BlackStarStoreUITests/Pods-BlackStarStore-BlackStarStoreUITests-frameworks-${CONFIGURATION}-input-files.xcfilelist",
			);
			name = "[CP] Embed Pods Frameworks";
			outputFileListPaths = (
				"${PODS_ROOT}/Target Support Files/Pods-BlackStarStore-BlackStarStoreUITests/Pods-BlackStarStore-BlackStarStoreUITests-frameworks-${CONFIGURATION}-output-files.xcfilelist",
			);
			runOnlyForDeploymentPostprocessing = 0;
			shellPath = /bin/sh;
			shellScript = "\"${PODS_ROOT}/Target Support Files/Pods-BlackStarStore-BlackStarStoreUITests/Pods-BlackStarStore-BlackStarStoreUITests-frameworks.sh\"\n";
			showEnvVarsInLog = 0;
		};
		D882C95149D165054C804A19 /* [CP] Check Pods Manifest.lock */ = {
			isa = PBXShellScriptBuildPhase;
			buildActionMask = 2147483647;
			files = (
			);
			inputFileListPaths = (
			);
			inputPaths = (
				"${PODS_PODFILE_DIR_PATH}/Podfile.lock",
				"${PODS_ROOT}/Manifest.lock",
			);
			name = "[CP] Check Pods Manifest.lock";
			outputFileListPaths = (
			);
			outputPaths = (
				"$(DERIVED_FILE_DIR)/Pods-BlackStarStore-checkManifestLockResult.txt",
			);
			runOnlyForDeploymentPostprocessing = 0;
			shellPath = /bin/sh;
			shellScript = "diff \"${PODS_PODFILE_DIR_PATH}/Podfile.lock\" \"${PODS_ROOT}/Manifest.lock\" > /dev/null\nif [ $? != 0 ] ; then\n    # print error to STDERR\n    echo \"error: The sandbox is not in sync with the Podfile.lock. Run 'pod install' or update your CocoaPods installation.\" >&2\n    exit 1\nfi\n# This output is used by Xcode 'outputs' to avoid re-running this script phase.\necho \"SUCCESS\" > \"${SCRIPT_OUTPUT_FILE_0}\"\n";
			showEnvVarsInLog = 0;
		};
/* End PBXShellScriptBuildPhase section */

/* Begin PBXSourcesBuildPhase section */
		B5C1C08025F151F3008C39AD /* Sources */ = {
			isa = PBXSourcesBuildPhase;
			buildActionMask = 2147483647;
			files = (
				B523756025F156AD00A65115 /* CategoryTableViewCell.swift in Sources */,
				B5BAED1925F5017F00E70EC9 /* SubCategoryViewController.swift in Sources */,
				B541135225F8FE9A00A0B0B8 /* ModalWindowViewController.swift in Sources */,
				B523755B25F153AC00A65115 /* CategoryViewController.swift in Sources */,
				B523756A25F1573000A65115 /* FetchDataFromJson.swift in Sources */,
				B5C1C08825F151F3008C39AD /* AppDelegate.swift in Sources */,
				B513930525F55DEF006CD4F8 /* Product.swift in Sources */,
				B5F63ED525F8A1DE00D659FC /* ProductCollectionViewCell.swift in Sources */,
				B595727F25FA4EA5009413E4 /* CartTableViewCell.swift in Sources */,
				B59A4FE825F74B3B009FF253 /* ProductViewController.swift in Sources */,
				B5C1C08A25F151F3008C39AD /* SceneDelegate.swift in Sources */,
				B513930025F55983006CD4F8 /* ProductsListCollectionViewCell.swift in Sources */,
				B51392F825F5590B006CD4F8 /* ProductsListViewController.swift in Sources */,
				B595727625FA4E6A009413E4 /* CartViewController.swift in Sources */,
				B523756525F156F500A65115 /* Category.swift in Sources */,
				B5BAED1425F5014600E70EC9 /* SubCategoryTableViewCell.swift in Sources */,
				B5AAF04725F9088600EE367E /* PresentationController.swift in Sources */,
			);
			runOnlyForDeploymentPostprocessing = 0;
		};
		B5C1C09625F151F5008C39AD /* Sources */ = {
			isa = PBXSourcesBuildPhase;
			buildActionMask = 2147483647;
			files = (
				B5C1C09F25F151F5008C39AD /* BlackStarStoreTests.swift in Sources */,
			);
			runOnlyForDeploymentPostprocessing = 0;
		};
		B5C1C0A125F151F5008C39AD /* Sources */ = {
			isa = PBXSourcesBuildPhase;
			buildActionMask = 2147483647;
			files = (
				B5C1C0AA25F151F5008C39AD /* BlackStarStoreUITests.swift in Sources */,
			);
			runOnlyForDeploymentPostprocessing = 0;
		};
/* End PBXSourcesBuildPhase section */

/* Begin PBXTargetDependency section */
		B5C1C09C25F151F5008C39AD /* PBXTargetDependency */ = {
			isa = PBXTargetDependency;
			target = B5C1C08325F151F3008C39AD /* BlackStarStore */;
			targetProxy = B5C1C09B25F151F5008C39AD /* PBXContainerItemProxy */;
		};
		B5C1C0A725F151F5008C39AD /* PBXTargetDependency */ = {
			isa = PBXTargetDependency;
			target = B5C1C08325F151F3008C39AD /* BlackStarStore */;
			targetProxy = B5C1C0A625F151F5008C39AD /* PBXContainerItemProxy */;
		};
/* End PBXTargetDependency section */

/* Begin PBXVariantGroup section */
		B5C1C08D25F151F3008C39AD /* Main.storyboard */ = {
			isa = PBXVariantGroup;
			children = (
				B5C1C08E25F151F3008C39AD /* Base */,
			);
			name = Main.storyboard;
			sourceTree = "<group>";
		};
		B5C1C09225F151F5008C39AD /* LaunchScreen.storyboard */ = {
			isa = PBXVariantGroup;
			children = (
				B5C1C09325F151F5008C39AD /* Base */,
			);
			name = LaunchScreen.storyboard;
			sourceTree = "<group>";
		};
/* End PBXVariantGroup section */

/* Begin XCBuildConfiguration section */
		B5C1C0AC25F151F5008C39AD /* Debug */ = {
			isa = XCBuildConfiguration;
			buildSettings = {
				ALWAYS_SEARCH_USER_PATHS = NO;
				CLANG_ANALYZER_NONNULL = YES;
				CLANG_ANALYZER_NUMBER_OBJECT_CONVERSION = YES_AGGRESSIVE;
				CLANG_CXX_LANGUAGE_STANDARD = "gnu++14";
				CLANG_CXX_LIBRARY = "libc++";
				CLANG_ENABLE_MODULES = YES;
				CLANG_ENABLE_OBJC_ARC = YES;
				CLANG_ENABLE_OBJC_WEAK = YES;
				CLANG_WARN_BLOCK_CAPTURE_AUTORELEASING = YES;
				CLANG_WARN_BOOL_CONVERSION = YES;
				CLANG_WARN_COMMA = YES;
				CLANG_WARN_CONSTANT_CONVERSION = YES;
				CLANG_WARN_DEPRECATED_OBJC_IMPLEMENTATIONS = YES;
				CLANG_WARN_DIRECT_OBJC_ISA_USAGE = YES_ERROR;
				CLANG_WARN_DOCUMENTATION_COMMENTS = YES;
				CLANG_WARN_EMPTY_BODY = YES;
				CLANG_WARN_ENUM_CONVERSION = YES;
				CLANG_WARN_INFINITE_RECURSION = YES;
				CLANG_WARN_INT_CONVERSION = YES;
				CLANG_WARN_NON_LITERAL_NULL_CONVERSION = YES;
				CLANG_WARN_OBJC_IMPLICIT_RETAIN_SELF = YES;
				CLANG_WARN_OBJC_LITERAL_CONVERSION = YES;
				CLANG_WARN_OBJC_ROOT_CLASS = YES_ERROR;
				CLANG_WARN_QUOTED_INCLUDE_IN_FRAMEWORK_HEADER = YES;
				CLANG_WARN_RANGE_LOOP_ANALYSIS = YES;
				CLANG_WARN_STRICT_PROTOTYPES = YES;
				CLANG_WARN_SUSPICIOUS_MOVE = YES;
				CLANG_WARN_UNGUARDED_AVAILABILITY = YES_AGGRESSIVE;
				CLANG_WARN_UNREACHABLE_CODE = YES;
				CLANG_WARN__DUPLICATE_METHOD_MATCH = YES;
				COPY_PHASE_STRIP = NO;
				DEBUG_INFORMATION_FORMAT = dwarf;
				ENABLE_STRICT_OBJC_MSGSEND = YES;
				ENABLE_TESTABILITY = YES;
				GCC_C_LANGUAGE_STANDARD = gnu11;
				GCC_DYNAMIC_NO_PIC = NO;
				GCC_NO_COMMON_BLOCKS = YES;
				GCC_OPTIMIZATION_LEVEL = 0;
				GCC_PREPROCESSOR_DEFINITIONS = (
					"DEBUG=1",
					"$(inherited)",
				);
				GCC_WARN_64_TO_32_BIT_CONVERSION = YES;
				GCC_WARN_ABOUT_RETURN_TYPE = YES_ERROR;
				GCC_WARN_UNDECLARED_SELECTOR = YES;
				GCC_WARN_UNINITIALIZED_AUTOS = YES_AGGRESSIVE;
				GCC_WARN_UNUSED_FUNCTION = YES;
				GCC_WARN_UNUSED_VARIABLE = YES;
				IPHONEOS_DEPLOYMENT_TARGET = 14.4;
				MTL_ENABLE_DEBUG_INFO = INCLUDE_SOURCE;
				MTL_FAST_MATH = YES;
				ONLY_ACTIVE_ARCH = YES;
				SDKROOT = iphoneos;
				SWIFT_ACTIVE_COMPILATION_CONDITIONS = DEBUG;
				SWIFT_OPTIMIZATION_LEVEL = "-Onone";
			};
			name = Debug;
		};
		B5C1C0AD25F151F5008C39AD /* Release */ = {
			isa = XCBuildConfiguration;
			buildSettings = {
				ALWAYS_SEARCH_USER_PATHS = NO;
				CLANG_ANALYZER_NONNULL = YES;
				CLANG_ANALYZER_NUMBER_OBJECT_CONVERSION = YES_AGGRESSIVE;
				CLANG_CXX_LANGUAGE_STANDARD = "gnu++14";
				CLANG_CXX_LIBRARY = "libc++";
				CLANG_ENABLE_MODULES = YES;
				CLANG_ENABLE_OBJC_ARC = YES;
				CLANG_ENABLE_OBJC_WEAK = YES;
				CLANG_WARN_BLOCK_CAPTURE_AUTORELEASING = YES;
				CLANG_WARN_BOOL_CONVERSION = YES;
				CLANG_WARN_COMMA = YES;
				CLANG_WARN_CONSTANT_CONVERSION = YES;
				CLANG_WARN_DEPRECATED_OBJC_IMPLEMENTATIONS = YES;
				CLANG_WARN_DIRECT_OBJC_ISA_USAGE = YES_ERROR;
				CLANG_WARN_DOCUMENTATION_COMMENTS = YES;
				CLANG_WARN_EMPTY_BODY = YES;
				CLANG_WARN_ENUM_CONVERSION = YES;
				CLANG_WARN_INFINITE_RECURSION = YES;
				CLANG_WARN_INT_CONVERSION = YES;
				CLANG_WARN_NON_LITERAL_NULL_CONVERSION = YES;
				CLANG_WARN_OBJC_IMPLICIT_RETAIN_SELF = YES;
				CLANG_WARN_OBJC_LITERAL_CONVERSION = YES;
				CLANG_WARN_OBJC_ROOT_CLASS = YES_ERROR;
				CLANG_WARN_QUOTED_INCLUDE_IN_FRAMEWORK_HEADER = YES;
				CLANG_WARN_RANGE_LOOP_ANALYSIS = YES;
				CLANG_WARN_STRICT_PROTOTYPES = YES;
				CLANG_WARN_SUSPICIOUS_MOVE = YES;
				CLANG_WARN_UNGUARDED_AVAILABILITY = YES_AGGRESSIVE;
				CLANG_WARN_UNREACHABLE_CODE = YES;
				CLANG_WARN__DUPLICATE_METHOD_MATCH = YES;
				COPY_PHASE_STRIP = NO;
				DEBUG_INFORMATION_FORMAT = "dwarf-with-dsym";
				ENABLE_NS_ASSERTIONS = NO;
				ENABLE_STRICT_OBJC_MSGSEND = YES;
				GCC_C_LANGUAGE_STANDARD = gnu11;
				GCC_NO_COMMON_BLOCKS = YES;
				GCC_WARN_64_TO_32_BIT_CONVERSION = YES;
				GCC_WARN_ABOUT_RETURN_TYPE = YES_ERROR;
				GCC_WARN_UNDECLARED_SELECTOR = YES;
				GCC_WARN_UNINITIALIZED_AUTOS = YES_AGGRESSIVE;
				GCC_WARN_UNUSED_FUNCTION = YES;
				GCC_WARN_UNUSED_VARIABLE = YES;
				IPHONEOS_DEPLOYMENT_TARGET = 14.4;
				MTL_ENABLE_DEBUG_INFO = NO;
				MTL_FAST_MATH = YES;
				SDKROOT = iphoneos;
				SWIFT_COMPILATION_MODE = wholemodule;
				SWIFT_OPTIMIZATION_LEVEL = "-O";
				VALIDATE_PRODUCT = YES;
			};
			name = Release;
		};
		B5C1C0AF25F151F5008C39AD /* Debug */ = {
			isa = XCBuildConfiguration;
			baseConfigurationReference = 4FE4F8A9E8018C07C1D4D6B4 /* Pods-BlackStarStore.debug.xcconfig */;
			buildSettings = {
				ASSETCATALOG_COMPILER_APPICON_NAME = AppIcon;
				ASSETCATALOG_COMPILER_GLOBAL_ACCENT_COLOR_NAME = AccentColor;
				CODE_SIGN_STYLE = Automatic;
				DEVELOPMENT_TEAM = 86D8Q63R5M;
				INFOPLIST_FILE = BlackStarStore/Info.plist;
				LD_RUNPATH_SEARCH_PATHS = (
					"$(inherited)",
					"@executable_path/Frameworks",
				);
				PRODUCT_BUNDLE_IDENTIFIER = "Sergey-Chudarin.BlackStarStore";
				PRODUCT_NAME = "$(TARGET_NAME)";
				SWIFT_VERSION = 5.0;
				TARGETED_DEVICE_FAMILY = "1,2";
			};
			name = Debug;
		};
		B5C1C0B025F151F5008C39AD /* Release */ = {
			isa = XCBuildConfiguration;
			baseConfigurationReference = 193D9AEF88BA447CFA776A9C /* Pods-BlackStarStore.release.xcconfig */;
			buildSettings = {
				ASSETCATALOG_COMPILER_APPICON_NAME = AppIcon;
				ASSETCATALOG_COMPILER_GLOBAL_ACCENT_COLOR_NAME = AccentColor;
				CODE_SIGN_STYLE = Automatic;
				DEVELOPMENT_TEAM = 86D8Q63R5M;
				INFOPLIST_FILE = BlackStarStore/Info.plist;
				LD_RUNPATH_SEARCH_PATHS = (
					"$(inherited)",
					"@executable_path/Frameworks",
				);
				PRODUCT_BUNDLE_IDENTIFIER = "Sergey-Chudarin.BlackStarStore";
				PRODUCT_NAME = "$(TARGET_NAME)";
				SWIFT_VERSION = 5.0;
				TARGETED_DEVICE_FAMILY = "1,2";
			};
			name = Release;
		};
		B5C1C0B225F151F5008C39AD /* Debug */ = {
			isa = XCBuildConfiguration;
			baseConfigurationReference = CE9E98863A45E278C108915C /* Pods-BlackStarStoreTests.debug.xcconfig */;
			buildSettings = {
				ALWAYS_EMBED_SWIFT_STANDARD_LIBRARIES = YES;
				BUNDLE_LOADER = "$(TEST_HOST)";
				CODE_SIGN_STYLE = Automatic;
				DEVELOPMENT_TEAM = 86D8Q63R5M;
				INFOPLIST_FILE = BlackStarStoreTests/Info.plist;
				IPHONEOS_DEPLOYMENT_TARGET = 14.4;
				LD_RUNPATH_SEARCH_PATHS = (
					"$(inherited)",
					"@executable_path/Frameworks",
					"@loader_path/Frameworks",
				);
				PRODUCT_BUNDLE_IDENTIFIER = "Sergey-Chudarin.BlackStarStoreTests";
				PRODUCT_NAME = "$(TARGET_NAME)";
				SWIFT_VERSION = 5.0;
				TARGETED_DEVICE_FAMILY = "1,2";
				TEST_HOST = "$(BUILT_PRODUCTS_DIR)/BlackStarStore.app/BlackStarStore";
			};
			name = Debug;
		};
		B5C1C0B325F151F5008C39AD /* Release */ = {
			isa = XCBuildConfiguration;
			baseConfigurationReference = 2F88A19025A119A3E88E72B6 /* Pods-BlackStarStoreTests.release.xcconfig */;
			buildSettings = {
				ALWAYS_EMBED_SWIFT_STANDARD_LIBRARIES = YES;
				BUNDLE_LOADER = "$(TEST_HOST)";
				CODE_SIGN_STYLE = Automatic;
				DEVELOPMENT_TEAM = 86D8Q63R5M;
				INFOPLIST_FILE = BlackStarStoreTests/Info.plist;
				IPHONEOS_DEPLOYMENT_TARGET = 14.4;
				LD_RUNPATH_SEARCH_PATHS = (
					"$(inherited)",
					"@executable_path/Frameworks",
					"@loader_path/Frameworks",
				);
				PRODUCT_BUNDLE_IDENTIFIER = "Sergey-Chudarin.BlackStarStoreTests";
				PRODUCT_NAME = "$(TARGET_NAME)";
				SWIFT_VERSION = 5.0;
				TARGETED_DEVICE_FAMILY = "1,2";
				TEST_HOST = "$(BUILT_PRODUCTS_DIR)/BlackStarStore.app/BlackStarStore";
			};
			name = Release;
		};
		B5C1C0B525F151F5008C39AD /* Debug */ = {
			isa = XCBuildConfiguration;
			baseConfigurationReference = 69870F8DB4690A9873DE2385 /* Pods-BlackStarStore-BlackStarStoreUITests.debug.xcconfig */;
			buildSettings = {
				ALWAYS_EMBED_SWIFT_STANDARD_LIBRARIES = YES;
				CODE_SIGN_STYLE = Automatic;
				DEVELOPMENT_TEAM = 86D8Q63R5M;
				INFOPLIST_FILE = BlackStarStoreUITests/Info.plist;
				LD_RUNPATH_SEARCH_PATHS = (
					"$(inherited)",
					"@executable_path/Frameworks",
					"@loader_path/Frameworks",
				);
				PRODUCT_BUNDLE_IDENTIFIER = "Sergey-Chudarin.BlackStarStoreUITests";
				PRODUCT_NAME = "$(TARGET_NAME)";
				SWIFT_VERSION = 5.0;
				TARGETED_DEVICE_FAMILY = "1,2";
				TEST_TARGET_NAME = BlackStarStore;
			};
			name = Debug;
		};
		B5C1C0B625F151F5008C39AD /* Release */ = {
			isa = XCBuildConfiguration;
			baseConfigurationReference = AEE062519A453E030EF098B3 /* Pods-BlackStarStore-BlackStarStoreUITests.release.xcconfig */;
			buildSettings = {
				ALWAYS_EMBED_SWIFT_STANDARD_LIBRARIES = YES;
				CODE_SIGN_STYLE = Automatic;
				DEVELOPMENT_TEAM = 86D8Q63R5M;
				INFOPLIST_FILE = BlackStarStoreUITests/Info.plist;
				LD_RUNPATH_SEARCH_PATHS = (
					"$(inherited)",
					"@executable_path/Frameworks",
					"@loader_path/Frameworks",
				);
				PRODUCT_BUNDLE_IDENTIFIER = "Sergey-Chudarin.BlackStarStoreUITests";
				PRODUCT_NAME = "$(TARGET_NAME)";
				SWIFT_VERSION = 5.0;
				TARGETED_DEVICE_FAMILY = "1,2";
				TEST_TARGET_NAME = BlackStarStore;
			};
			name = Release;
		};
/* End XCBuildConfiguration section */

/* Begin XCConfigurationList section */
		B5C1C07F25F151F2008C39AD /* Build configuration list for PBXProject "BlackStarStore" */ = {
			isa = XCConfigurationList;
			buildConfigurations = (
				B5C1C0AC25F151F5008C39AD /* Debug */,
				B5C1C0AD25F151F5008C39AD /* Release */,
			);
			defaultConfigurationIsVisible = 0;
			defaultConfigurationName = Release;
		};
		B5C1C0AE25F151F5008C39AD /* Build configuration list for PBXNativeTarget "BlackStarStore" */ = {
			isa = XCConfigurationList;
			buildConfigurations = (
				B5C1C0AF25F151F5008C39AD /* Debug */,
				B5C1C0B025F151F5008C39AD /* Release */,
			);
			defaultConfigurationIsVisible = 0;
			defaultConfigurationName = Release;
		};
		B5C1C0B125F151F5008C39AD /* Build configuration list for PBXNativeTarget "BlackStarStoreTests" */ = {
			isa = XCConfigurationList;
			buildConfigurations = (
				B5C1C0B225F151F5008C39AD /* Debug */,
				B5C1C0B325F151F5008C39AD /* Release */,
			);
			defaultConfigurationIsVisible = 0;
			defaultConfigurationName = Release;
		};
		B5C1C0B425F151F5008C39AD /* Build configuration list for PBXNativeTarget "BlackStarStoreUITests" */ = {
			isa = XCConfigurationList;
			buildConfigurations = (
				B5C1C0B525F151F5008C39AD /* Debug */,
				B5C1C0B625F151F5008C39AD /* Release */,
			);
			defaultConfigurationIsVisible = 0;
			defaultConfigurationName = Release;
		};
/* End XCConfigurationList section */
	};
	rootObject = B5C1C07C25F151F2008C39AD /* Project object */;
}
